// !$*UTF8*$!
{
	archiveVersion = 1;
	classes = {
	};
	objectVersion = 46;
	objects = {

/* Begin PBXBuildFile section */
		133C14B401C71355193C8758 /* Pods_NatureNet.framework in Frameworks */ = {isa = PBXBuildFile; fileRef = 3D47BBC3D482560B7F12A934 /* Pods_NatureNet.framework */; };
		2457FA8CEE8E2A30FCC7ABB8 /* Pods_NatureNetTests.framework in Frameworks */ = {isa = PBXBuildFile; fileRef = 82B281EA9CADC8590AB3AB68 /* Pods_NatureNetTests.framework */; };
		2D272F421ED1273B00401CE6 /* DataService.swift in Sources */ = {isa = PBXBuildFile; fileRef = 2D272F411ED1273B00401CE6 /* DataService.swift */; };
		2D431B2F1EF4781A0068E963 /* GoogleService-Info.plist in Resources */ = {isa = PBXBuildFile; fileRef = 2D431B2E1EF4781A0068E963 /* GoogleService-Info.plist */; };
		2D45242C1EFB30670050D4DB /* MyObservationsController.swift in Sources */ = {isa = PBXBuildFile; fileRef = 2D45242B1EFB30670050D4DB /* MyObservationsController.swift */; };
		2D5D103C1ECEBFFB008A8FEA /* UITable+HeaderAutoResize.swift in Sources */ = {isa = PBXBuildFile; fileRef = 2D5D103B1ECEBFFB008A8FEA /* UITable+HeaderAutoResize.swift */; };
		2D5D103E1ECF9471008A8FEA /* RoundedTextView.swift in Sources */ = {isa = PBXBuildFile; fileRef = 2D5D103D1ECF9471008A8FEA /* RoundedTextView.swift */; };
		2D5D10601ED01603008A8FEA /* ImageViewController.swift in Sources */ = {isa = PBXBuildFile; fileRef = 2D5D105F1ED01603008A8FEA /* ImageViewController.swift */; };
		2D632E491ED234FC007ECF51 /* Project.swift in Sources */ = {isa = PBXBuildFile; fileRef = 2D632E481ED234FC007ECF51 /* Project.swift */; };
		2D632E4B1ED24941007ECF51 /* User.swift in Sources */ = {isa = PBXBuildFile; fileRef = 2D632E4A1ED24941007ECF51 /* User.swift */; };
		2D73CD421EDD245D002E58CD /* TabbarViewController.swift in Sources */ = {isa = PBXBuildFile; fileRef = 2D73CD411EDD245D002E58CD /* TabbarViewController.swift */; };
		2D7DF89A1ED2C48E00D509F3 /* DesignIdea.swift in Sources */ = {isa = PBXBuildFile; fileRef = 2D7DF8991ED2C48E00D509F3 /* DesignIdea.swift */; };
		2D7DF89C1ED36D6600D509F3 /* Comment.swift in Sources */ = {isa = PBXBuildFile; fileRef = 2D7DF89B1ED36D6600D509F3 /* Comment.swift */; };
		2D7DF8A01ED37A3000D509F3 /* ShowMoreCell.swift in Sources */ = {isa = PBXBuildFile; fileRef = 2D7DF89F1ED37A3000D509F3 /* ShowMoreCell.swift */; };
		2D7DF8A21ED3969800D509F3 /* MediaManager.swift in Sources */ = {isa = PBXBuildFile; fileRef = 2D7DF8A11ED3969800D509F3 /* MediaManager.swift */; };
		2D928DD81F455D1300A59F44 /* MapViewController.swift in Sources */ = {isa = PBXBuildFile; fileRef = 2D928DD71F455D1300A59F44 /* MapViewController.swift */; };
		2D928DDA1F45606600A59F44 /* ListViewController.swift in Sources */ = {isa = PBXBuildFile; fileRef = 2D928DD91F45606600A59F44 /* ListViewController.swift */; };
		2DEF4D6D1EE0D87900A516D6 /* DocumentViewerController.swift in Sources */ = {isa = PBXBuildFile; fileRef = 2DEF4D6C1EE0D87900A516D6 /* DocumentViewerController.swift */; };
		55CF19DD967736F8B7750455 /* Pods_NatureNetUITests.framework in Frameworks */ = {isa = PBXBuildFile; fileRef = B238D5A0816A2E3FC6B7731A /* Pods_NatureNetUITests.framework */; };
		682C31681ECE316F00F6D87D /* UtilityFunctions.swift in Sources */ = {isa = PBXBuildFile; fileRef = 682C31671ECE316F00F6D87D /* UtilityFunctions.swift */; };
		682C316B1ECE366B00F6D87D /* ToDo.swift in Sources */ = {isa = PBXBuildFile; fileRef = 682C316A1ECE366B00F6D87D /* ToDo.swift */; };
		682C316D1ECE48BB00F6D87D /* CommentCell.swift in Sources */ = {isa = PBXBuildFile; fileRef = 682C316C1ECE48BB00F6D87D /* CommentCell.swift */; };
		683C421C1EE9F2FF008C6190 /* AddProjectController.swift in Sources */ = {isa = PBXBuildFile; fileRef = 683C421B1EE9F2FF008C6190 /* AddProjectController.swift */; };
		683C421E1EEA0078008C6190 /* TextViewCell.swift in Sources */ = {isa = PBXBuildFile; fileRef = 683C421D1EEA0078008C6190 /* TextViewCell.swift */; };
		683C42201EEA0172008C6190 /* SiteSwitchCell.swift in Sources */ = {isa = PBXBuildFile; fileRef = 683C421F1EEA0172008C6190 /* SiteSwitchCell.swift */; };
		683C42221EEA150F008C6190 /* TextFieldCell.swift in Sources */ = {isa = PBXBuildFile; fileRef = 683C42211EEA150F008C6190 /* TextFieldCell.swift */; };
		689E31051ECA4C150039C2F3 /* JoinViewController.swift in Sources */ = {isa = PBXBuildFile; fileRef = 689E31041ECA4C150039C2F3 /* JoinViewController.swift */; };
		689E31091ECA87530039C2F3 /* SigninViewController.swift in Sources */ = {isa = PBXBuildFile; fileRef = 689E31081ECA87530039C2F3 /* SigninViewController.swift */; };
		689E310B1ECB7A2F0039C2F3 /* RoundedButton.swift in Sources */ = {isa = PBXBuildFile; fileRef = 689E310A1ECB7A2F0039C2F3 /* RoundedButton.swift */; };
		689E310D1ECB7AE00039C2F3 /* Constants.swift in Sources */ = {isa = PBXBuildFile; fileRef = 689E310C1ECB7AE00039C2F3 /* Constants.swift */; };
		689E310F1ECB7E660039C2F3 /* ExploreViewController.swift in Sources */ = {isa = PBXBuildFile; fileRef = 689E310E1ECB7E660039C2F3 /* ExploreViewController.swift */; };
		68FA5A401ECA1538002E66B1 /* AppDelegate.swift in Sources */ = {isa = PBXBuildFile; fileRef = 68FA5A3F1ECA1538002E66B1 /* AppDelegate.swift */; };
		68FA5A421ECA1538002E66B1 /* MainViewController.swift in Sources */ = {isa = PBXBuildFile; fileRef = 68FA5A411ECA1538002E66B1 /* MainViewController.swift */; };
		68FA5A451ECA1538002E66B1 /* Main.storyboard in Resources */ = {isa = PBXBuildFile; fileRef = 68FA5A431ECA1538002E66B1 /* Main.storyboard */; };
		68FA5A4A1ECA1538002E66B1 /* Assets.xcassets in Resources */ = {isa = PBXBuildFile; fileRef = 68FA5A491ECA1538002E66B1 /* Assets.xcassets */; };
		68FA5A4D1ECA1538002E66B1 /* LaunchScreen.storyboard in Resources */ = {isa = PBXBuildFile; fileRef = 68FA5A4B1ECA1538002E66B1 /* LaunchScreen.storyboard */; };
		68FA5A581ECA1538002E66B1 /* NatureNetTests.swift in Sources */ = {isa = PBXBuildFile; fileRef = 68FA5A571ECA1538002E66B1 /* NatureNetTests.swift */; };
		68FA5A631ECA1538002E66B1 /* NatureNetUITests.swift in Sources */ = {isa = PBXBuildFile; fileRef = 68FA5A621ECA1538002E66B1 /* NatureNetUITests.swift */; };
		68FB9BC31ECBB240006C88B1 /* DesignIdeasViewController.swift in Sources */ = {isa = PBXBuildFile; fileRef = 68FB9BC21ECBB240006C88B1 /* DesignIdeasViewController.swift */; };
		68FB9BC51ECBB2F4006C88B1 /* DesignIdeasCell.swift in Sources */ = {isa = PBXBuildFile; fileRef = 68FB9BC41ECBB2F4006C88B1 /* DesignIdeasCell.swift */; };
		68FB9BC71ECBD2A5006C88B1 /* ShadowedView.swift in Sources */ = {isa = PBXBuildFile; fileRef = 68FB9BC61ECBD2A5006C88B1 /* ShadowedView.swift */; };
		68FB9BC91ECBD948006C88B1 /* GalleryCell.swift in Sources */ = {isa = PBXBuildFile; fileRef = 68FB9BC81ECBD948006C88B1 /* GalleryCell.swift */; };
		68FB9BCD1ECBD9D7006C88B1 /* GalleryViewController.swift in Sources */ = {isa = PBXBuildFile; fileRef = 68FB9BCC1ECBD9D7006C88B1 /* GalleryViewController.swift */; };
		68FB9BCF1ECBE075006C88B1 /* ProjectViewController.swift in Sources */ = {isa = PBXBuildFile; fileRef = 68FB9BCE1ECBE075006C88B1 /* ProjectViewController.swift */; };
		68FB9BD11ECBE096006C88B1 /* ProjectCell.swift in Sources */ = {isa = PBXBuildFile; fileRef = 68FB9BD01ECBE096006C88B1 /* ProjectCell.swift */; };
		68FB9BD31ECBE242006C88B1 /* CommunityCell.swift in Sources */ = {isa = PBXBuildFile; fileRef = 68FB9BD21ECBE242006C88B1 /* CommunityCell.swift */; };
		68FB9BD51ECBE267006C88B1 /* CommunityViewController.swift in Sources */ = {isa = PBXBuildFile; fileRef = 68FB9BD41ECBE267006C88B1 /* CommunityViewController.swift */; };
		68FB9BD71ECBE9D7006C88B1 /* Observation.swift in Sources */ = {isa = PBXBuildFile; fileRef = 68FB9BD61ECBE9D7006C88B1 /* Observation.swift */; };
		68FB9BD91ECCF7FE006C88B1 /* AddObservationController.swift in Sources */ = {isa = PBXBuildFile; fileRef = 68FB9BD81ECCF7FE006C88B1 /* AddObservationController.swift */; };
		68FB9BDB1ECCF856006C88B1 /* AddDesignIdeasController.swift in Sources */ = {isa = PBXBuildFile; fileRef = 68FB9BDA1ECCF856006C88B1 /* AddDesignIdeasController.swift */; };
		68FB9BE01ECCF8FA006C88B1 /* CommunityDetailController.swift in Sources */ = {isa = PBXBuildFile; fileRef = 68FB9BDF1ECCF8FA006C88B1 /* CommunityDetailController.swift */; };
		68FB9BE21ECCF912006C88B1 /* ProjectDetailController.swift in Sources */ = {isa = PBXBuildFile; fileRef = 68FB9BE11ECCF912006C88B1 /* ProjectDetailController.swift */; };
		68FB9BE41ECCF944006C88B1 /* GalleryDetailController.swift in Sources */ = {isa = PBXBuildFile; fileRef = 68FB9BE31ECCF944006C88B1 /* GalleryDetailController.swift */; };
		68FB9BE61ECCFA11006C88B1 /* DesignIdeaDetailController.swift in Sources */ = {isa = PBXBuildFile; fileRef = 68FB9BE51ECCFA11006C88B1 /* DesignIdeaDetailController.swift */; };
		68FB9BE81ECCFA47006C88B1 /* ProfileViewController.swift in Sources */ = {isa = PBXBuildFile; fileRef = 68FB9BE71ECCFA47006C88B1 /* ProfileViewController.swift */; };
/* End PBXBuildFile section */

/* Begin PBXContainerItemProxy section */
		68FA5A541ECA1538002E66B1 /* PBXContainerItemProxy */ = {
			isa = PBXContainerItemProxy;
			containerPortal = 68FA5A341ECA1538002E66B1 /* Project object */;
			proxyType = 1;
			remoteGlobalIDString = 68FA5A3B1ECA1538002E66B1;
			remoteInfo = NatureNet;
		};
		68FA5A5F1ECA1538002E66B1 /* PBXContainerItemProxy */ = {
			isa = PBXContainerItemProxy;
			containerPortal = 68FA5A341ECA1538002E66B1 /* Project object */;
			proxyType = 1;
			remoteGlobalIDString = 68FA5A3B1ECA1538002E66B1;
			remoteInfo = NatureNet;
		};
/* End PBXContainerItemProxy section */

/* Begin PBXFileReference section */
		14C42650132EA9362369106F /* Pods-NatureNet.debug.xcconfig */ = {isa = PBXFileReference; includeInIndex = 1; lastKnownFileType = text.xcconfig; name = "Pods-NatureNet.debug.xcconfig"; path = "Pods/Target Support Files/Pods-NatureNet/Pods-NatureNet.debug.xcconfig"; sourceTree = "<group>"; };
		2D272F411ED1273B00401CE6 /* DataService.swift */ = {isa = PBXFileReference; fileEncoding = 4; lastKnownFileType = sourcecode.swift; path = DataService.swift; sourceTree = "<group>"; };
		2D431B2E1EF4781A0068E963 /* GoogleService-Info.plist */ = {isa = PBXFileReference; fileEncoding = 4; lastKnownFileType = text.plist.xml; path = "GoogleService-Info.plist"; sourceTree = "<group>"; };
		2D45242B1EFB30670050D4DB /* MyObservationsController.swift */ = {isa = PBXFileReference; fileEncoding = 4; lastKnownFileType = sourcecode.swift; path = MyObservationsController.swift; sourceTree = "<group>"; };
		2D5D103B1ECEBFFB008A8FEA /* UITable+HeaderAutoResize.swift */ = {isa = PBXFileReference; fileEncoding = 4; lastKnownFileType = sourcecode.swift; path = "UITable+HeaderAutoResize.swift"; sourceTree = "<group>"; };
		2D5D103D1ECF9471008A8FEA /* RoundedTextView.swift */ = {isa = PBXFileReference; fileEncoding = 4; lastKnownFileType = sourcecode.swift; path = RoundedTextView.swift; sourceTree = "<group>"; };
		2D5D105F1ED01603008A8FEA /* ImageViewController.swift */ = {isa = PBXFileReference; fileEncoding = 4; lastKnownFileType = sourcecode.swift; path = ImageViewController.swift; sourceTree = "<group>"; };
		2D632E481ED234FC007ECF51 /* Project.swift */ = {isa = PBXFileReference; fileEncoding = 4; lastKnownFileType = sourcecode.swift; path = Project.swift; sourceTree = "<group>"; };
		2D632E4A1ED24941007ECF51 /* User.swift */ = {isa = PBXFileReference; fileEncoding = 4; lastKnownFileType = sourcecode.swift; path = User.swift; sourceTree = "<group>"; };
		2D73CD411EDD245D002E58CD /* TabbarViewController.swift */ = {isa = PBXFileReference; fileEncoding = 4; lastKnownFileType = sourcecode.swift; path = TabbarViewController.swift; sourceTree = "<group>"; };
		2D7DF8991ED2C48E00D509F3 /* DesignIdea.swift */ = {isa = PBXFileReference; fileEncoding = 4; lastKnownFileType = sourcecode.swift; path = DesignIdea.swift; sourceTree = "<group>"; };
		2D7DF89B1ED36D6600D509F3 /* Comment.swift */ = {isa = PBXFileReference; fileEncoding = 4; lastKnownFileType = sourcecode.swift; path = Comment.swift; sourceTree = "<group>"; };
		2D7DF89F1ED37A3000D509F3 /* ShowMoreCell.swift */ = {isa = PBXFileReference; fileEncoding = 4; lastKnownFileType = sourcecode.swift; path = ShowMoreCell.swift; sourceTree = "<group>"; };
		2D7DF8A11ED3969800D509F3 /* MediaManager.swift */ = {isa = PBXFileReference; fileEncoding = 4; lastKnownFileType = sourcecode.swift; path = MediaManager.swift; sourceTree = "<group>"; };
		2D925D691F421C12006021B4 /* NatureNet.entitlements */ = {isa = PBXFileReference; lastKnownFileType = text.plist.entitlements; path = NatureNet.entitlements; sourceTree = "<group>"; };
		2D928DD71F455D1300A59F44 /* MapViewController.swift */ = {isa = PBXFileReference; fileEncoding = 4; lastKnownFileType = sourcecode.swift; path = MapViewController.swift; sourceTree = "<group>"; };
		2D928DD91F45606600A59F44 /* ListViewController.swift */ = {isa = PBXFileReference; fileEncoding = 4; lastKnownFileType = sourcecode.swift; path = ListViewController.swift; sourceTree = "<group>"; };
		2DEF4D6C1EE0D87900A516D6 /* DocumentViewerController.swift */ = {isa = PBXFileReference; fileEncoding = 4; lastKnownFileType = sourcecode.swift; path = DocumentViewerController.swift; sourceTree = "<group>"; };
		3D47BBC3D482560B7F12A934 /* Pods_NatureNet.framework */ = {isa = PBXFileReference; explicitFileType = wrapper.framework; includeInIndex = 0; path = Pods_NatureNet.framework; sourceTree = BUILT_PRODUCTS_DIR; };
		57426900216948F158F226CD /* Pods-NatureNetUITests.release.xcconfig */ = {isa = PBXFileReference; includeInIndex = 1; lastKnownFileType = text.xcconfig; name = "Pods-NatureNetUITests.release.xcconfig"; path = "Pods/Target Support Files/Pods-NatureNetUITests/Pods-NatureNetUITests.release.xcconfig"; sourceTree = "<group>"; };
		682C31671ECE316F00F6D87D /* UtilityFunctions.swift */ = {isa = PBXFileReference; fileEncoding = 4; lastKnownFileType = sourcecode.swift; path = UtilityFunctions.swift; sourceTree = "<group>"; };
		682C316A1ECE366B00F6D87D /* ToDo.swift */ = {isa = PBXFileReference; fileEncoding = 4; lastKnownFileType = sourcecode.swift; path = ToDo.swift; sourceTree = "<group>"; };
		682C316C1ECE48BB00F6D87D /* CommentCell.swift */ = {isa = PBXFileReference; fileEncoding = 4; lastKnownFileType = sourcecode.swift; path = CommentCell.swift; sourceTree = "<group>"; };
		683C421B1EE9F2FF008C6190 /* AddProjectController.swift */ = {isa = PBXFileReference; fileEncoding = 4; lastKnownFileType = sourcecode.swift; path = AddProjectController.swift; sourceTree = "<group>"; };
		683C421D1EEA0078008C6190 /* TextViewCell.swift */ = {isa = PBXFileReference; fileEncoding = 4; lastKnownFileType = sourcecode.swift; path = TextViewCell.swift; sourceTree = "<group>"; };
		683C421F1EEA0172008C6190 /* SiteSwitchCell.swift */ = {isa = PBXFileReference; fileEncoding = 4; lastKnownFileType = sourcecode.swift; path = SiteSwitchCell.swift; sourceTree = "<group>"; };
		683C42211EEA150F008C6190 /* TextFieldCell.swift */ = {isa = PBXFileReference; fileEncoding = 4; lastKnownFileType = sourcecode.swift; path = TextFieldCell.swift; sourceTree = "<group>"; };
		689E31041ECA4C150039C2F3 /* JoinViewController.swift */ = {isa = PBXFileReference; fileEncoding = 4; lastKnownFileType = sourcecode.swift; path = JoinViewController.swift; sourceTree = "<group>"; };
		689E31081ECA87530039C2F3 /* SigninViewController.swift */ = {isa = PBXFileReference; fileEncoding = 4; lastKnownFileType = sourcecode.swift; path = SigninViewController.swift; sourceTree = "<group>"; };
		689E310A1ECB7A2F0039C2F3 /* RoundedButton.swift */ = {isa = PBXFileReference; fileEncoding = 4; lastKnownFileType = sourcecode.swift; path = RoundedButton.swift; sourceTree = "<group>"; };
		689E310C1ECB7AE00039C2F3 /* Constants.swift */ = {isa = PBXFileReference; fileEncoding = 4; lastKnownFileType = sourcecode.swift; path = Constants.swift; sourceTree = "<group>"; };
		689E310E1ECB7E660039C2F3 /* ExploreViewController.swift */ = {isa = PBXFileReference; fileEncoding = 4; lastKnownFileType = sourcecode.swift; path = ExploreViewController.swift; sourceTree = "<group>"; };
		68FA5A3C1ECA1538002E66B1 /* NatureNet.app */ = {isa = PBXFileReference; explicitFileType = wrapper.application; includeInIndex = 0; path = NatureNet.app; sourceTree = BUILT_PRODUCTS_DIR; };
		68FA5A3F1ECA1538002E66B1 /* AppDelegate.swift */ = {isa = PBXFileReference; lastKnownFileType = sourcecode.swift; path = AppDelegate.swift; sourceTree = "<group>"; };
		68FA5A411ECA1538002E66B1 /* MainViewController.swift */ = {isa = PBXFileReference; lastKnownFileType = sourcecode.swift; path = MainViewController.swift; sourceTree = "<group>"; };
		68FA5A441ECA1538002E66B1 /* Base */ = {isa = PBXFileReference; lastKnownFileType = file.storyboard; name = Base; path = Base.lproj/Main.storyboard; sourceTree = "<group>"; };
		68FA5A491ECA1538002E66B1 /* Assets.xcassets */ = {isa = PBXFileReference; lastKnownFileType = folder.assetcatalog; path = Assets.xcassets; sourceTree = "<group>"; };
		68FA5A4C1ECA1538002E66B1 /* Base */ = {isa = PBXFileReference; lastKnownFileType = file.storyboard; name = Base; path = Base.lproj/LaunchScreen.storyboard; sourceTree = "<group>"; };
		68FA5A4E1ECA1538002E66B1 /* Info.plist */ = {isa = PBXFileReference; lastKnownFileType = text.plist.xml; path = Info.plist; sourceTree = "<group>"; };
		68FA5A531ECA1538002E66B1 /* NatureNetTests.xctest */ = {isa = PBXFileReference; explicitFileType = wrapper.cfbundle; includeInIndex = 0; path = NatureNetTests.xctest; sourceTree = BUILT_PRODUCTS_DIR; };
		68FA5A571ECA1538002E66B1 /* NatureNetTests.swift */ = {isa = PBXFileReference; lastKnownFileType = sourcecode.swift; path = NatureNetTests.swift; sourceTree = "<group>"; };
		68FA5A591ECA1538002E66B1 /* Info.plist */ = {isa = PBXFileReference; lastKnownFileType = text.plist.xml; path = Info.plist; sourceTree = "<group>"; };
		68FA5A5E1ECA1538002E66B1 /* NatureNetUITests.xctest */ = {isa = PBXFileReference; explicitFileType = wrapper.cfbundle; includeInIndex = 0; path = NatureNetUITests.xctest; sourceTree = BUILT_PRODUCTS_DIR; };
		68FA5A621ECA1538002E66B1 /* NatureNetUITests.swift */ = {isa = PBXFileReference; lastKnownFileType = sourcecode.swift; path = NatureNetUITests.swift; sourceTree = "<group>"; };
		68FA5A641ECA1538002E66B1 /* Info.plist */ = {isa = PBXFileReference; lastKnownFileType = text.plist.xml; path = Info.plist; sourceTree = "<group>"; };
		68FB9BC21ECBB240006C88B1 /* DesignIdeasViewController.swift */ = {isa = PBXFileReference; fileEncoding = 4; lastKnownFileType = sourcecode.swift; path = DesignIdeasViewController.swift; sourceTree = "<group>"; };
		68FB9BC41ECBB2F4006C88B1 /* DesignIdeasCell.swift */ = {isa = PBXFileReference; fileEncoding = 4; lastKnownFileType = sourcecode.swift; path = DesignIdeasCell.swift; sourceTree = "<group>"; };
		68FB9BC61ECBD2A5006C88B1 /* ShadowedView.swift */ = {isa = PBXFileReference; fileEncoding = 4; lastKnownFileType = sourcecode.swift; path = ShadowedView.swift; sourceTree = "<group>"; };
		68FB9BC81ECBD948006C88B1 /* GalleryCell.swift */ = {isa = PBXFileReference; fileEncoding = 4; lastKnownFileType = sourcecode.swift; path = GalleryCell.swift; sourceTree = "<group>"; };
		68FB9BCC1ECBD9D7006C88B1 /* GalleryViewController.swift */ = {isa = PBXFileReference; fileEncoding = 4; lastKnownFileType = sourcecode.swift; path = GalleryViewController.swift; sourceTree = "<group>"; };
		68FB9BCE1ECBE075006C88B1 /* ProjectViewController.swift */ = {isa = PBXFileReference; fileEncoding = 4; lastKnownFileType = sourcecode.swift; path = ProjectViewController.swift; sourceTree = "<group>"; };
		68FB9BD01ECBE096006C88B1 /* ProjectCell.swift */ = {isa = PBXFileReference; fileEncoding = 4; lastKnownFileType = sourcecode.swift; path = ProjectCell.swift; sourceTree = "<group>"; };
		68FB9BD21ECBE242006C88B1 /* CommunityCell.swift */ = {isa = PBXFileReference; fileEncoding = 4; lastKnownFileType = sourcecode.swift; path = CommunityCell.swift; sourceTree = "<group>"; };
		68FB9BD41ECBE267006C88B1 /* CommunityViewController.swift */ = {isa = PBXFileReference; fileEncoding = 4; lastKnownFileType = sourcecode.swift; path = CommunityViewController.swift; sourceTree = "<group>"; };
		68FB9BD61ECBE9D7006C88B1 /* Observation.swift */ = {isa = PBXFileReference; fileEncoding = 4; lastKnownFileType = sourcecode.swift; path = Observation.swift; sourceTree = "<group>"; };
		68FB9BD81ECCF7FE006C88B1 /* AddObservationController.swift */ = {isa = PBXFileReference; fileEncoding = 4; lastKnownFileType = sourcecode.swift; path = AddObservationController.swift; sourceTree = "<group>"; };
		68FB9BDA1ECCF856006C88B1 /* AddDesignIdeasController.swift */ = {isa = PBXFileReference; fileEncoding = 4; lastKnownFileType = sourcecode.swift; path = AddDesignIdeasController.swift; sourceTree = "<group>"; };
		68FB9BDF1ECCF8FA006C88B1 /* CommunityDetailController.swift */ = {isa = PBXFileReference; fileEncoding = 4; lastKnownFileType = sourcecode.swift; path = CommunityDetailController.swift; sourceTree = "<group>"; };
		68FB9BE11ECCF912006C88B1 /* ProjectDetailController.swift */ = {isa = PBXFileReference; fileEncoding = 4; lastKnownFileType = sourcecode.swift; path = ProjectDetailController.swift; sourceTree = "<group>"; };
		68FB9BE31ECCF944006C88B1 /* GalleryDetailController.swift */ = {isa = PBXFileReference; fileEncoding = 4; lastKnownFileType = sourcecode.swift; path = GalleryDetailController.swift; sourceTree = "<group>"; };
		68FB9BE51ECCFA11006C88B1 /* DesignIdeaDetailController.swift */ = {isa = PBXFileReference; fileEncoding = 4; lastKnownFileType = sourcecode.swift; path = DesignIdeaDetailController.swift; sourceTree = "<group>"; };
		68FB9BE71ECCFA47006C88B1 /* ProfileViewController.swift */ = {isa = PBXFileReference; fileEncoding = 4; lastKnownFileType = sourcecode.swift; path = ProfileViewController.swift; sourceTree = "<group>"; };
		82B281EA9CADC8590AB3AB68 /* Pods_NatureNetTests.framework */ = {isa = PBXFileReference; explicitFileType = wrapper.framework; includeInIndex = 0; path = Pods_NatureNetTests.framework; sourceTree = BUILT_PRODUCTS_DIR; };
		86713FC734CFA2CDCF458E9F /* Pods-NatureNetUITests.debug.xcconfig */ = {isa = PBXFileReference; includeInIndex = 1; lastKnownFileType = text.xcconfig; name = "Pods-NatureNetUITests.debug.xcconfig"; path = "Pods/Target Support Files/Pods-NatureNetUITests/Pods-NatureNetUITests.debug.xcconfig"; sourceTree = "<group>"; };
		A472F43C1699FD33B9A1FB5B /* Pods-NatureNetTests.debug.xcconfig */ = {isa = PBXFileReference; includeInIndex = 1; lastKnownFileType = text.xcconfig; name = "Pods-NatureNetTests.debug.xcconfig"; path = "Pods/Target Support Files/Pods-NatureNetTests/Pods-NatureNetTests.debug.xcconfig"; sourceTree = "<group>"; };
		B238D5A0816A2E3FC6B7731A /* Pods_NatureNetUITests.framework */ = {isa = PBXFileReference; explicitFileType = wrapper.framework; includeInIndex = 0; path = Pods_NatureNetUITests.framework; sourceTree = BUILT_PRODUCTS_DIR; };
		D3BA5C7F0CDDC64F30967187 /* Pods-NatureNet.release.xcconfig */ = {isa = PBXFileReference; includeInIndex = 1; lastKnownFileType = text.xcconfig; name = "Pods-NatureNet.release.xcconfig"; path = "Pods/Target Support Files/Pods-NatureNet/Pods-NatureNet.release.xcconfig"; sourceTree = "<group>"; };
		D4638C50FFC5348CF221982A /* Pods-NatureNetTests.release.xcconfig */ = {isa = PBXFileReference; includeInIndex = 1; lastKnownFileType = text.xcconfig; name = "Pods-NatureNetTests.release.xcconfig"; path = "Pods/Target Support Files/Pods-NatureNetTests/Pods-NatureNetTests.release.xcconfig"; sourceTree = "<group>"; };
/* End PBXFileReference section */

/* Begin PBXFrameworksBuildPhase section */
		68FA5A391ECA1538002E66B1 /* Frameworks */ = {
			isa = PBXFrameworksBuildPhase;
			buildActionMask = 2147483647;
			files = (
				133C14B401C71355193C8758 /* Pods_NatureNet.framework in Frameworks */,
			);
			runOnlyForDeploymentPostprocessing = 0;
		};
		68FA5A501ECA1538002E66B1 /* Frameworks */ = {
			isa = PBXFrameworksBuildPhase;
			buildActionMask = 2147483647;
			files = (
				2457FA8CEE8E2A30FCC7ABB8 /* Pods_NatureNetTests.framework in Frameworks */,
			);
			runOnlyForDeploymentPostprocessing = 0;
		};
		68FA5A5B1ECA1538002E66B1 /* Frameworks */ = {
			isa = PBXFrameworksBuildPhase;
			buildActionMask = 2147483647;
			files = (
				55CF19DD967736F8B7750455 /* Pods_NatureNetUITests.framework in Frameworks */,
			);
			runOnlyForDeploymentPostprocessing = 0;
		};
/* End PBXFrameworksBuildPhase section */

/* Begin PBXGroup section */
		682C31691ECE318600F6D87D /* Utility */ = {
			isa = PBXGroup;
			children = (
				682C31671ECE316F00F6D87D /* UtilityFunctions.swift */,
				689E310C1ECB7AE00039C2F3 /* Constants.swift */,
				2D5D103B1ECEBFFB008A8FEA /* UITable+HeaderAutoResize.swift */,
				2D272F411ED1273B00401CE6 /* DataService.swift */,
				2D7DF8A11ED3969800D509F3 /* MediaManager.swift */,
			);
			name = Utility;
			sourceTree = "<group>";
		};
		689E31011ECA1E550039C2F3 /* Controller */ = {
			isa = PBXGroup;
			children = (
				68FB9BDE1ECCF8C7006C88B1 /* Add */,
				68FB9BDD1ECCF8BB006C88B1 /* Details */,
				68FB9BDC1ECCF886006C88B1 /* Menu */,
				68FA5A411ECA1538002E66B1 /* MainViewController.swift */,
				689E31041ECA4C150039C2F3 /* JoinViewController.swift */,
				689E31081ECA87530039C2F3 /* SigninViewController.swift */,
				68FB9BE71ECCFA47006C88B1 /* ProfileViewController.swift */,
			);
			name = Controller;
			sourceTree = "<group>";
		};
		689E31021ECA1E630039C2F3 /* View */ = {
			isa = PBXGroup;
			children = (
				68FB9BC61ECBD2A5006C88B1 /* ShadowedView.swift */,
				689E310A1ECB7A2F0039C2F3 /* RoundedButton.swift */,
				2D5D103D1ECF9471008A8FEA /* RoundedTextView.swift */,
				68FB9BC41ECBB2F4006C88B1 /* DesignIdeasCell.swift */,
				68FB9BC81ECBD948006C88B1 /* GalleryCell.swift */,
				68FB9BD01ECBE096006C88B1 /* ProjectCell.swift */,
				68FB9BD21ECBE242006C88B1 /* CommunityCell.swift */,
				682C316C1ECE48BB00F6D87D /* CommentCell.swift */,
				2D7DF89F1ED37A3000D509F3 /* ShowMoreCell.swift */,
				683C421F1EEA0172008C6190 /* SiteSwitchCell.swift */,
				683C421D1EEA0078008C6190 /* TextViewCell.swift */,
				683C42211EEA150F008C6190 /* TextFieldCell.swift */,
			);
			name = View;
			sourceTree = "<group>";
		};
		689E31031ECA1E680039C2F3 /* Model */ = {
			isa = PBXGroup;
			children = (
				68FB9BD61ECBE9D7006C88B1 /* Observation.swift */,
				2D632E481ED234FC007ECF51 /* Project.swift */,
				2D632E4A1ED24941007ECF51 /* User.swift */,
				2D7DF8991ED2C48E00D509F3 /* DesignIdea.swift */,
				2D7DF89B1ED36D6600D509F3 /* Comment.swift */,
			);
			name = Model;
			sourceTree = "<group>";
		};
		68FA5A331ECA1538002E66B1 = {
			isa = PBXGroup;
			children = (
				68FA5A3E1ECA1538002E66B1 /* NatureNet */,
				68FA5A561ECA1538002E66B1 /* NatureNetTests */,
				68FA5A611ECA1538002E66B1 /* NatureNetUITests */,
				68FA5A3D1ECA1538002E66B1 /* Products */,
				D85357508044B618CCA50CD7 /* Pods */,
				F059AEEE073B7FC1AE62F02F /* Frameworks */,
			);
			sourceTree = "<group>";
		};
		68FA5A3D1ECA1538002E66B1 /* Products */ = {
			isa = PBXGroup;
			children = (
				68FA5A3C1ECA1538002E66B1 /* NatureNet.app */,
				68FA5A531ECA1538002E66B1 /* NatureNetTests.xctest */,
				68FA5A5E1ECA1538002E66B1 /* NatureNetUITests.xctest */,
			);
			name = Products;
			sourceTree = "<group>";
		};
		68FA5A3E1ECA1538002E66B1 /* NatureNet */ = {
			isa = PBXGroup;
			children = (
				2D925D691F421C12006021B4 /* NatureNet.entitlements */,
				682C316A1ECE366B00F6D87D /* ToDo.swift */,
				682C31691ECE318600F6D87D /* Utility */,
				689E31031ECA1E680039C2F3 /* Model */,
				689E31021ECA1E630039C2F3 /* View */,
				689E31011ECA1E550039C2F3 /* Controller */,
				68FA5A3F1ECA1538002E66B1 /* AppDelegate.swift */,
				68FA5A431ECA1538002E66B1 /* Main.storyboard */,
				68FA5A491ECA1538002E66B1 /* Assets.xcassets */,
				68FA5A4B1ECA1538002E66B1 /* LaunchScreen.storyboard */,
				2D431B2E1EF4781A0068E963 /* GoogleService-Info.plist */,
				68FA5A4E1ECA1538002E66B1 /* Info.plist */,
			);
			path = NatureNet;
			sourceTree = "<group>";
		};
		68FA5A561ECA1538002E66B1 /* NatureNetTests */ = {
			isa = PBXGroup;
			children = (
				68FA5A571ECA1538002E66B1 /* NatureNetTests.swift */,
				68FA5A591ECA1538002E66B1 /* Info.plist */,
			);
			path = NatureNetTests;
			sourceTree = "<group>";
		};
		68FA5A611ECA1538002E66B1 /* NatureNetUITests */ = {
			isa = PBXGroup;
			children = (
				68FA5A621ECA1538002E66B1 /* NatureNetUITests.swift */,
				68FA5A641ECA1538002E66B1 /* Info.plist */,
			);
			path = NatureNetUITests;
			sourceTree = "<group>";
		};
		68FB9BDC1ECCF886006C88B1 /* Menu */ = {
			isa = PBXGroup;
			children = (
				689E310E1ECB7E660039C2F3 /* ExploreViewController.swift */,
				68FB9BCC1ECBD9D7006C88B1 /* GalleryViewController.swift */,
				68FB9BCE1ECBE075006C88B1 /* ProjectViewController.swift */,
				68FB9BC21ECBB240006C88B1 /* DesignIdeasViewController.swift */,
				68FB9BD41ECBE267006C88B1 /* CommunityViewController.swift */,
				2D73CD411EDD245D002E58CD /* TabbarViewController.swift */,
				2D928DD71F455D1300A59F44 /* MapViewController.swift */,
				2D928DD91F45606600A59F44 /* ListViewController.swift */,
			);
			name = Menu;
			sourceTree = "<group>";
		};
		68FB9BDD1ECCF8BB006C88B1 /* Details */ = {
			isa = PBXGroup;
			children = (
				68FB9BDF1ECCF8FA006C88B1 /* CommunityDetailController.swift */,
				68FB9BE11ECCF912006C88B1 /* ProjectDetailController.swift */,
				68FB9BE31ECCF944006C88B1 /* GalleryDetailController.swift */,
				68FB9BE51ECCFA11006C88B1 /* DesignIdeaDetailController.swift */,
				2D5D105F1ED01603008A8FEA /* ImageViewController.swift */,
				2DEF4D6C1EE0D87900A516D6 /* DocumentViewerController.swift */,
				2D45242B1EFB30670050D4DB /* MyObservationsController.swift */,
			);
			name = Details;
			sourceTree = "<group>";
		};
		68FB9BDE1ECCF8C7006C88B1 /* Add */ = {
			isa = PBXGroup;
			children = (
				68FB9BD81ECCF7FE006C88B1 /* AddObservationController.swift */,
				68FB9BDA1ECCF856006C88B1 /* AddDesignIdeasController.swift */,
				683C421B1EE9F2FF008C6190 /* AddProjectController.swift */,
			);
			name = Add;
			sourceTree = "<group>";
		};
		D85357508044B618CCA50CD7 /* Pods */ = {
			isa = PBXGroup;
			children = (
				14C42650132EA9362369106F /* Pods-NatureNet.debug.xcconfig */,
				D3BA5C7F0CDDC64F30967187 /* Pods-NatureNet.release.xcconfig */,
				A472F43C1699FD33B9A1FB5B /* Pods-NatureNetTests.debug.xcconfig */,
				D4638C50FFC5348CF221982A /* Pods-NatureNetTests.release.xcconfig */,
				86713FC734CFA2CDCF458E9F /* Pods-NatureNetUITests.debug.xcconfig */,
				57426900216948F158F226CD /* Pods-NatureNetUITests.release.xcconfig */,
			);
			name = Pods;
			sourceTree = "<group>";
		};
		F059AEEE073B7FC1AE62F02F /* Frameworks */ = {
			isa = PBXGroup;
			children = (
				3D47BBC3D482560B7F12A934 /* Pods_NatureNet.framework */,
				82B281EA9CADC8590AB3AB68 /* Pods_NatureNetTests.framework */,
				B238D5A0816A2E3FC6B7731A /* Pods_NatureNetUITests.framework */,
			);
			name = Frameworks;
			sourceTree = "<group>";
		};
/* End PBXGroup section */

/* Begin PBXNativeTarget section */
		68FA5A3B1ECA1538002E66B1 /* NatureNet */ = {
			isa = PBXNativeTarget;
			buildConfigurationList = 68FA5A671ECA1538002E66B1 /* Build configuration list for PBXNativeTarget "NatureNet" */;
			buildPhases = (
				BE3221B827CF1D55C2BC6D20 /* [CP] Check Pods Manifest.lock */,
				68FA5A381ECA1538002E66B1 /* Sources */,
				68FA5A391ECA1538002E66B1 /* Frameworks */,
				68FA5A3A1ECA1538002E66B1 /* Resources */,
				1B8F5E02C63FC8A9AE31057B /* [CP] Embed Pods Frameworks */,
				154E99F99EFF6B6B852A4177 /* [CP] Copy Pods Resources */,
			);
			buildRules = (
			);
			dependencies = (
			);
			name = NatureNet;
			productName = NatureNet;
			productReference = 68FA5A3C1ECA1538002E66B1 /* NatureNet.app */;
			productType = "com.apple.product-type.application";
		};
		68FA5A521ECA1538002E66B1 /* NatureNetTests */ = {
			isa = PBXNativeTarget;
			buildConfigurationList = 68FA5A6A1ECA1538002E66B1 /* Build configuration list for PBXNativeTarget "NatureNetTests" */;
			buildPhases = (
				1B7E74968E60C178AF9A9080 /* [CP] Check Pods Manifest.lock */,
				68FA5A4F1ECA1538002E66B1 /* Sources */,
				68FA5A501ECA1538002E66B1 /* Frameworks */,
				68FA5A511ECA1538002E66B1 /* Resources */,
				ED5A929E8786189D3F464666 /* [CP] Embed Pods Frameworks */,
				9272F3AB9B4BC4E75715EC95 /* [CP] Copy Pods Resources */,
			);
			buildRules = (
			);
			dependencies = (
				68FA5A551ECA1538002E66B1 /* PBXTargetDependency */,
			);
			name = NatureNetTests;
			productName = NatureNetTests;
			productReference = 68FA5A531ECA1538002E66B1 /* NatureNetTests.xctest */;
			productType = "com.apple.product-type.bundle.unit-test";
		};
		68FA5A5D1ECA1538002E66B1 /* NatureNetUITests */ = {
			isa = PBXNativeTarget;
			buildConfigurationList = 68FA5A6D1ECA1538002E66B1 /* Build configuration list for PBXNativeTarget "NatureNetUITests" */;
			buildPhases = (
				17DE4CF65241AB75676ED94F /* [CP] Check Pods Manifest.lock */,
				68FA5A5A1ECA1538002E66B1 /* Sources */,
				68FA5A5B1ECA1538002E66B1 /* Frameworks */,
				68FA5A5C1ECA1538002E66B1 /* Resources */,
				1A91D91F8CE65BCCF81E62F6 /* [CP] Embed Pods Frameworks */,
				E4E345BB0E95E3CCCA812A11 /* [CP] Copy Pods Resources */,
			);
			buildRules = (
			);
			dependencies = (
				68FA5A601ECA1538002E66B1 /* PBXTargetDependency */,
			);
			name = NatureNetUITests;
			productName = NatureNetUITests;
			productReference = 68FA5A5E1ECA1538002E66B1 /* NatureNetUITests.xctest */;
			productType = "com.apple.product-type.bundle.ui-testing";
		};
/* End PBXNativeTarget section */

/* Begin PBXProject section */
		68FA5A341ECA1538002E66B1 /* Project object */ = {
			isa = PBXProject;
			attributes = {
				LastSwiftUpdateCheck = 0830;
				LastUpgradeCheck = 0900;
				ORGANIZATIONNAME = NatureNet;
				TargetAttributes = {
					68FA5A3B1ECA1538002E66B1 = {
						CreatedOnToolsVersion = 8.3;
						DevelopmentTeam = 6L33LY5G5P;
						ProvisioningStyle = Automatic;
						SystemCapabilities = {
							com.apple.BackgroundModes = {
								enabled = 1;
							};
							com.apple.Push = {
								enabled = 1;
							};
						};
					};
					68FA5A521ECA1538002E66B1 = {
						CreatedOnToolsVersion = 8.3;
						DevelopmentTeam = J6AJ4835YU;
						ProvisioningStyle = Automatic;
						TestTargetID = 68FA5A3B1ECA1538002E66B1;
					};
					68FA5A5D1ECA1538002E66B1 = {
						CreatedOnToolsVersion = 8.3;
						DevelopmentTeam = J6AJ4835YU;
						ProvisioningStyle = Automatic;
						TestTargetID = 68FA5A3B1ECA1538002E66B1;
					};
				};
			};
			buildConfigurationList = 68FA5A371ECA1538002E66B1 /* Build configuration list for PBXProject "NatureNet" */;
			compatibilityVersion = "Xcode 3.2";
			developmentRegion = English;
			hasScannedForEncodings = 0;
			knownRegions = (
				en,
				Base,
			);
			mainGroup = 68FA5A331ECA1538002E66B1;
			productRefGroup = 68FA5A3D1ECA1538002E66B1 /* Products */;
			projectDirPath = "";
			projectRoot = "";
			targets = (
				68FA5A3B1ECA1538002E66B1 /* NatureNet */,
				68FA5A521ECA1538002E66B1 /* NatureNetTests */,
				68FA5A5D1ECA1538002E66B1 /* NatureNetUITests */,
			);
		};
/* End PBXProject section */

/* Begin PBXResourcesBuildPhase section */
		68FA5A3A1ECA1538002E66B1 /* Resources */ = {
			isa = PBXResourcesBuildPhase;
			buildActionMask = 2147483647;
			files = (
				68FA5A4D1ECA1538002E66B1 /* LaunchScreen.storyboard in Resources */,
				2D431B2F1EF4781A0068E963 /* GoogleService-Info.plist in Resources */,
				68FA5A4A1ECA1538002E66B1 /* Assets.xcassets in Resources */,
				68FA5A451ECA1538002E66B1 /* Main.storyboard in Resources */,
			);
			runOnlyForDeploymentPostprocessing = 0;
		};
		68FA5A511ECA1538002E66B1 /* Resources */ = {
			isa = PBXResourcesBuildPhase;
			buildActionMask = 2147483647;
			files = (
			);
			runOnlyForDeploymentPostprocessing = 0;
		};
		68FA5A5C1ECA1538002E66B1 /* Resources */ = {
			isa = PBXResourcesBuildPhase;
			buildActionMask = 2147483647;
			files = (
			);
			runOnlyForDeploymentPostprocessing = 0;
		};
/* End PBXResourcesBuildPhase section */

/* Begin PBXShellScriptBuildPhase section */
		154E99F99EFF6B6B852A4177 /* [CP] Copy Pods Resources */ = {
			isa = PBXShellScriptBuildPhase;
			buildActionMask = 2147483647;
			files = (
			);
			inputPaths = (
			);
			name = "[CP] Copy Pods Resources";
			outputPaths = (
			);
			runOnlyForDeploymentPostprocessing = 0;
			shellPath = /bin/sh;
			shellScript = "\"${SRCROOT}/Pods/Target Support Files/Pods-NatureNet/Pods-NatureNet-resources.sh\"\n";
			showEnvVarsInLog = 0;
		};
		17DE4CF65241AB75676ED94F /* [CP] Check Pods Manifest.lock */ = {
			isa = PBXShellScriptBuildPhase;
			buildActionMask = 2147483647;
			files = (
			);
			inputPaths = (
			);
			name = "[CP] Check Pods Manifest.lock";
			outputPaths = (
			);
			runOnlyForDeploymentPostprocessing = 0;
			shellPath = /bin/sh;
			shellScript = "diff \"${PODS_PODFILE_DIR_PATH}/Podfile.lock\" \"${PODS_ROOT}/Manifest.lock\" > /dev/null\nif [ $? != 0 ] ; then\n    # print error to STDERR\n    echo \"error: The sandbox is not in sync with the Podfile.lock. Run 'pod install' or update your CocoaPods installation.\" >&2\n    exit 1\nfi\n";
			showEnvVarsInLog = 0;
		};
		1A91D91F8CE65BCCF81E62F6 /* [CP] Embed Pods Frameworks */ = {
			isa = PBXShellScriptBuildPhase;
			buildActionMask = 2147483647;
			files = (
			);
			inputPaths = (
			);
			name = "[CP] Embed Pods Frameworks";
			outputPaths = (
			);
			runOnlyForDeploymentPostprocessing = 0;
			shellPath = /bin/sh;
			shellScript = "\"${SRCROOT}/Pods/Target Support Files/Pods-NatureNetUITests/Pods-NatureNetUITests-frameworks.sh\"\n";
			showEnvVarsInLog = 0;
		};
		1B7E74968E60C178AF9A9080 /* [CP] Check Pods Manifest.lock */ = {
			isa = PBXShellScriptBuildPhase;
			buildActionMask = 2147483647;
			files = (
			);
			inputPaths = (
			);
			name = "[CP] Check Pods Manifest.lock";
			outputPaths = (
			);
			runOnlyForDeploymentPostprocessing = 0;
			shellPath = /bin/sh;
			shellScript = "diff \"${PODS_PODFILE_DIR_PATH}/Podfile.lock\" \"${PODS_ROOT}/Manifest.lock\" > /dev/null\nif [ $? != 0 ] ; then\n    # print error to STDERR\n    echo \"error: The sandbox is not in sync with the Podfile.lock. Run 'pod install' or update your CocoaPods installation.\" >&2\n    exit 1\nfi\n";
			showEnvVarsInLog = 0;
		};
		1B8F5E02C63FC8A9AE31057B /* [CP] Embed Pods Frameworks */ = {
			isa = PBXShellScriptBuildPhase;
			buildActionMask = 2147483647;
			files = (
			);
			inputPaths = (
			);
			name = "[CP] Embed Pods Frameworks";
			outputPaths = (
			);
			runOnlyForDeploymentPostprocessing = 0;
			shellPath = /bin/sh;
			shellScript = "\"${SRCROOT}/Pods/Target Support Files/Pods-NatureNet/Pods-NatureNet-frameworks.sh\"\n";
			showEnvVarsInLog = 0;
		};
		9272F3AB9B4BC4E75715EC95 /* [CP] Copy Pods Resources */ = {
			isa = PBXShellScriptBuildPhase;
			buildActionMask = 2147483647;
			files = (
			);
			inputPaths = (
			);
			name = "[CP] Copy Pods Resources";
			outputPaths = (
			);
			runOnlyForDeploymentPostprocessing = 0;
			shellPath = /bin/sh;
			shellScript = "\"${SRCROOT}/Pods/Target Support Files/Pods-NatureNetTests/Pods-NatureNetTests-resources.sh\"\n";
			showEnvVarsInLog = 0;
		};
		BE3221B827CF1D55C2BC6D20 /* [CP] Check Pods Manifest.lock */ = {
			isa = PBXShellScriptBuildPhase;
			buildActionMask = 2147483647;
			files = (
			);
			inputPaths = (
			);
			name = "[CP] Check Pods Manifest.lock";
			outputPaths = (
			);
			runOnlyForDeploymentPostprocessing = 0;
			shellPath = /bin/sh;
			shellScript = "diff \"${PODS_PODFILE_DIR_PATH}/Podfile.lock\" \"${PODS_ROOT}/Manifest.lock\" > /dev/null\nif [ $? != 0 ] ; then\n    # print error to STDERR\n    echo \"error: The sandbox is not in sync with the Podfile.lock. Run 'pod install' or update your CocoaPods installation.\" >&2\n    exit 1\nfi\n";
			showEnvVarsInLog = 0;
		};
		E4E345BB0E95E3CCCA812A11 /* [CP] Copy Pods Resources */ = {
			isa = PBXShellScriptBuildPhase;
			buildActionMask = 2147483647;
			files = (
			);
			inputPaths = (
			);
			name = "[CP] Copy Pods Resources";
			outputPaths = (
			);
			runOnlyForDeploymentPostprocessing = 0;
			shellPath = /bin/sh;
			shellScript = "\"${SRCROOT}/Pods/Target Support Files/Pods-NatureNetUITests/Pods-NatureNetUITests-resources.sh\"\n";
			showEnvVarsInLog = 0;
		};
		ED5A929E8786189D3F464666 /* [CP] Embed Pods Frameworks */ = {
			isa = PBXShellScriptBuildPhase;
			buildActionMask = 2147483647;
			files = (
			);
			inputPaths = (
			);
			name = "[CP] Embed Pods Frameworks";
			outputPaths = (
			);
			runOnlyForDeploymentPostprocessing = 0;
			shellPath = /bin/sh;
			shellScript = "\"${SRCROOT}/Pods/Target Support Files/Pods-NatureNetTests/Pods-NatureNetTests-frameworks.sh\"\n";
			showEnvVarsInLog = 0;
		};
/* End PBXShellScriptBuildPhase section */

/* Begin PBXSourcesBuildPhase section */
		68FA5A381ECA1538002E66B1 /* Sources */ = {
			isa = PBXSourcesBuildPhase;
			buildActionMask = 2147483647;
			files = (
				2DEF4D6D1EE0D87900A516D6 /* DocumentViewerController.swift in Sources */,
				683C421C1EE9F2FF008C6190 /* AddProjectController.swift in Sources */,
				68FB9BC91ECBD948006C88B1 /* GalleryCell.swift in Sources */,
				68FB9BC51ECBB2F4006C88B1 /* DesignIdeasCell.swift in Sources */,
				68FB9BE01ECCF8FA006C88B1 /* CommunityDetailController.swift in Sources */,
				68FA5A421ECA1538002E66B1 /* MainViewController.swift in Sources */,
				68FB9BD31ECBE242006C88B1 /* CommunityCell.swift in Sources */,
				68FB9BD71ECBE9D7006C88B1 /* Observation.swift in Sources */,
				68FB9BC71ECBD2A5006C88B1 /* ShadowedView.swift in Sources */,
				2D7DF89C1ED36D6600D509F3 /* Comment.swift in Sources */,
				2D45242C1EFB30670050D4DB /* MyObservationsController.swift in Sources */,
				68FB9BDB1ECCF856006C88B1 /* AddDesignIdeasController.swift in Sources */,
				2D7DF8A01ED37A3000D509F3 /* ShowMoreCell.swift in Sources */,
				2D928DD81F455D1300A59F44 /* MapViewController.swift in Sources */,
				68FB9BC31ECBB240006C88B1 /* DesignIdeasViewController.swift in Sources */,
				68FB9BCD1ECBD9D7006C88B1 /* GalleryViewController.swift in Sources */,
				682C31681ECE316F00F6D87D /* UtilityFunctions.swift in Sources */,
				68FB9BE21ECCF912006C88B1 /* ProjectDetailController.swift in Sources */,
				683C42221EEA150F008C6190 /* TextFieldCell.swift in Sources */,
				689E310B1ECB7A2F0039C2F3 /* RoundedButton.swift in Sources */,
				68FB9BE41ECCF944006C88B1 /* GalleryDetailController.swift in Sources */,
				689E31091ECA87530039C2F3 /* SigninViewController.swift in Sources */,
				689E310F1ECB7E660039C2F3 /* ExploreViewController.swift in Sources */,
				2D5D10601ED01603008A8FEA /* ImageViewController.swift in Sources */,
				68FB9BD91ECCF7FE006C88B1 /* AddObservationController.swift in Sources */,
				2D7DF8A21ED3969800D509F3 /* MediaManager.swift in Sources */,
				2D5D103C1ECEBFFB008A8FEA /* UITable+HeaderAutoResize.swift in Sources */,
				2D7DF89A1ED2C48E00D509F3 /* DesignIdea.swift in Sources */,
				2D5D103E1ECF9471008A8FEA /* RoundedTextView.swift in Sources */,
				682C316B1ECE366B00F6D87D /* ToDo.swift in Sources */,
				689E310D1ECB7AE00039C2F3 /* Constants.swift in Sources */,
				2D272F421ED1273B00401CE6 /* DataService.swift in Sources */,
				2D632E4B1ED24941007ECF51 /* User.swift in Sources */,
				68FB9BD51ECBE267006C88B1 /* CommunityViewController.swift in Sources */,
				689E31051ECA4C150039C2F3 /* JoinViewController.swift in Sources */,
				683C421E1EEA0078008C6190 /* TextViewCell.swift in Sources */,
				68FB9BCF1ECBE075006C88B1 /* ProjectViewController.swift in Sources */,
				68FB9BD11ECBE096006C88B1 /* ProjectCell.swift in Sources */,
				2D928DDA1F45606600A59F44 /* ListViewController.swift in Sources */,
				68FB9BE81ECCFA47006C88B1 /* ProfileViewController.swift in Sources */,
				683C42201EEA0172008C6190 /* SiteSwitchCell.swift in Sources */,
				2D632E491ED234FC007ECF51 /* Project.swift in Sources */,
				68FB9BE61ECCFA11006C88B1 /* DesignIdeaDetailController.swift in Sources */,
				2D73CD421EDD245D002E58CD /* TabbarViewController.swift in Sources */,
				68FA5A401ECA1538002E66B1 /* AppDelegate.swift in Sources */,
				682C316D1ECE48BB00F6D87D /* CommentCell.swift in Sources */,
			);
			runOnlyForDeploymentPostprocessing = 0;
		};
		68FA5A4F1ECA1538002E66B1 /* Sources */ = {
			isa = PBXSourcesBuildPhase;
			buildActionMask = 2147483647;
			files = (
				68FA5A581ECA1538002E66B1 /* NatureNetTests.swift in Sources */,
			);
			runOnlyForDeploymentPostprocessing = 0;
		};
		68FA5A5A1ECA1538002E66B1 /* Sources */ = {
			isa = PBXSourcesBuildPhase;
			buildActionMask = 2147483647;
			files = (
				68FA5A631ECA1538002E66B1 /* NatureNetUITests.swift in Sources */,
			);
			runOnlyForDeploymentPostprocessing = 0;
		};
/* End PBXSourcesBuildPhase section */

/* Begin PBXTargetDependency section */
		68FA5A551ECA1538002E66B1 /* PBXTargetDependency */ = {
			isa = PBXTargetDependency;
			target = 68FA5A3B1ECA1538002E66B1 /* NatureNet */;
			targetProxy = 68FA5A541ECA1538002E66B1 /* PBXContainerItemProxy */;
		};
		68FA5A601ECA1538002E66B1 /* PBXTargetDependency */ = {
			isa = PBXTargetDependency;
			target = 68FA5A3B1ECA1538002E66B1 /* NatureNet */;
			targetProxy = 68FA5A5F1ECA1538002E66B1 /* PBXContainerItemProxy */;
		};
/* End PBXTargetDependency section */

/* Begin PBXVariantGroup section */
		68FA5A431ECA1538002E66B1 /* Main.storyboard */ = {
			isa = PBXVariantGroup;
			children = (
				68FA5A441ECA1538002E66B1 /* Base */,
			);
			name = Main.storyboard;
			sourceTree = "<group>";
		};
		68FA5A4B1ECA1538002E66B1 /* LaunchScreen.storyboard */ = {
			isa = PBXVariantGroup;
			children = (
				68FA5A4C1ECA1538002E66B1 /* Base */,
			);
			name = LaunchScreen.storyboard;
			sourceTree = "<group>";
		};
/* End PBXVariantGroup section */

/* Begin XCBuildConfiguration section */
		68FA5A651ECA1538002E66B1 /* Debug */ = {
			isa = XCBuildConfiguration;
			buildSettings = {
				ALWAYS_SEARCH_USER_PATHS = NO;
				CLANG_ANALYZER_NONNULL = YES;
				CLANG_ANALYZER_NUMBER_OBJECT_CONVERSION = YES_AGGRESSIVE;
				CLANG_CXX_LANGUAGE_STANDARD = "gnu++0x";
				CLANG_CXX_LIBRARY = "libc++";
				CLANG_ENABLE_MODULES = YES;
				CLANG_ENABLE_OBJC_ARC = YES;
				CLANG_WARN_BLOCK_CAPTURE_AUTORELEASING = YES;
				CLANG_WARN_BOOL_CONVERSION = YES;
				CLANG_WARN_COMMA = YES;
				CLANG_WARN_CONSTANT_CONVERSION = YES;
				CLANG_WARN_DIRECT_OBJC_ISA_USAGE = YES_ERROR;
				CLANG_WARN_DOCUMENTATION_COMMENTS = YES;
				CLANG_WARN_EMPTY_BODY = YES;
				CLANG_WARN_ENUM_CONVERSION = YES;
				CLANG_WARN_INFINITE_RECURSION = YES;
				CLANG_WARN_INT_CONVERSION = YES;
				CLANG_WARN_NON_LITERAL_NULL_CONVERSION = YES;
				CLANG_WARN_OBJC_LITERAL_CONVERSION = YES;
				CLANG_WARN_OBJC_ROOT_CLASS = YES_ERROR;
				CLANG_WARN_RANGE_LOOP_ANALYSIS = YES;
				CLANG_WARN_STRICT_PROTOTYPES = YES;
				CLANG_WARN_SUSPICIOUS_MOVE = YES;
				CLANG_WARN_UNREACHABLE_CODE = YES;
				CLANG_WARN__DUPLICATE_METHOD_MATCH = YES;
				"CODE_SIGN_IDENTITY[sdk=iphoneos*]" = "iPhone Developer";
				COPY_PHASE_STRIP = NO;
				DEBUG_INFORMATION_FORMAT = dwarf;
				ENABLE_STRICT_OBJC_MSGSEND = YES;
				ENABLE_TESTABILITY = YES;
				GCC_C_LANGUAGE_STANDARD = gnu99;
				GCC_DYNAMIC_NO_PIC = NO;
				GCC_NO_COMMON_BLOCKS = YES;
				GCC_OPTIMIZATION_LEVEL = 0;
				GCC_PREPROCESSOR_DEFINITIONS = (
					"DEBUG=1",
					"$(inherited)",
				);
				GCC_WARN_64_TO_32_BIT_CONVERSION = YES;
				GCC_WARN_ABOUT_RETURN_TYPE = YES_ERROR;
				GCC_WARN_UNDECLARED_SELECTOR = YES;
				GCC_WARN_UNINITIALIZED_AUTOS = YES_AGGRESSIVE;
				GCC_WARN_UNUSED_FUNCTION = YES;
				GCC_WARN_UNUSED_VARIABLE = YES;
				IPHONEOS_DEPLOYMENT_TARGET = 9.0;
				MTL_ENABLE_DEBUG_INFO = YES;
				ONLY_ACTIVE_ARCH = YES;
				SDKROOT = iphoneos;
				SWIFT_ACTIVE_COMPILATION_CONDITIONS = DEBUG;
				SWIFT_OPTIMIZATION_LEVEL = "-Onone";
				TARGETED_DEVICE_FAMILY = "1,2";
			};
			name = Debug;
		};
		68FA5A661ECA1538002E66B1 /* Release */ = {
			isa = XCBuildConfiguration;
			buildSettings = {
				ALWAYS_SEARCH_USER_PATHS = NO;
				CLANG_ANALYZER_NONNULL = YES;
				CLANG_ANALYZER_NUMBER_OBJECT_CONVERSION = YES_AGGRESSIVE;
				CLANG_CXX_LANGUAGE_STANDARD = "gnu++0x";
				CLANG_CXX_LIBRARY = "libc++";
				CLANG_ENABLE_MODULES = YES;
				CLANG_ENABLE_OBJC_ARC = YES;
				CLANG_WARN_BLOCK_CAPTURE_AUTORELEASING = YES;
				CLANG_WARN_BOOL_CONVERSION = YES;
				CLANG_WARN_COMMA = YES;
				CLANG_WARN_CONSTANT_CONVERSION = YES;
				CLANG_WARN_DIRECT_OBJC_ISA_USAGE = YES_ERROR;
				CLANG_WARN_DOCUMENTATION_COMMENTS = YES;
				CLANG_WARN_EMPTY_BODY = YES;
				CLANG_WARN_ENUM_CONVERSION = YES;
				CLANG_WARN_INFINITE_RECURSION = YES;
				CLANG_WARN_INT_CONVERSION = YES;
				CLANG_WARN_NON_LITERAL_NULL_CONVERSION = YES;
				CLANG_WARN_OBJC_LITERAL_CONVERSION = YES;
				CLANG_WARN_OBJC_ROOT_CLASS = YES_ERROR;
				CLANG_WARN_RANGE_LOOP_ANALYSIS = YES;
				CLANG_WARN_STRICT_PROTOTYPES = YES;
				CLANG_WARN_SUSPICIOUS_MOVE = YES;
				CLANG_WARN_UNREACHABLE_CODE = YES;
				CLANG_WARN__DUPLICATE_METHOD_MATCH = YES;
				"CODE_SIGN_IDENTITY[sdk=iphoneos*]" = "iPhone Developer";
				COPY_PHASE_STRIP = NO;
				DEBUG_INFORMATION_FORMAT = "dwarf-with-dsym";
				ENABLE_NS_ASSERTIONS = NO;
				ENABLE_STRICT_OBJC_MSGSEND = YES;
				GCC_C_LANGUAGE_STANDARD = gnu99;
				GCC_NO_COMMON_BLOCKS = YES;
				GCC_WARN_64_TO_32_BIT_CONVERSION = YES;
				GCC_WARN_ABOUT_RETURN_TYPE = YES_ERROR;
				GCC_WARN_UNDECLARED_SELECTOR = YES;
				GCC_WARN_UNINITIALIZED_AUTOS = YES_AGGRESSIVE;
				GCC_WARN_UNUSED_FUNCTION = YES;
				GCC_WARN_UNUSED_VARIABLE = YES;
				IPHONEOS_DEPLOYMENT_TARGET = 9.0;
				MTL_ENABLE_DEBUG_INFO = NO;
				SDKROOT = iphoneos;
				SWIFT_OPTIMIZATION_LEVEL = "-Owholemodule";
				TARGETED_DEVICE_FAMILY = "1,2";
				VALIDATE_PRODUCT = YES;
			};
			name = Release;
		};
		68FA5A681ECA1538002E66B1 /* Debug */ = {
			isa = XCBuildConfiguration;
			baseConfigurationReference = 14C42650132EA9362369106F /* Pods-NatureNet.debug.xcconfig */;
			buildSettings = {
				ASSETCATALOG_COMPILER_APPICON_NAME = AppIcon;
				CODE_SIGN_ENTITLEMENTS = NatureNet/NatureNet.entitlements;
				DEVELOPMENT_TEAM = 6L33LY5G5P;
				INFOPLIST_FILE = NatureNet/Info.plist;
				IPHONEOS_DEPLOYMENT_TARGET = 9.0;
				LD_RUNPATH_SEARCH_PATHS = "$(inherited) @executable_path/Frameworks";
				PRODUCT_BUNDLE_IDENTIFIER = "com.NatureNet.NatureNet-Testing";
				PRODUCT_NAME = "$(TARGET_NAME)";
				SWIFT_VERSION = 3.0;
			};
			name = Debug;
		};
		68FA5A691ECA1538002E66B1 /* Release */ = {
			isa = XCBuildConfiguration;
			baseConfigurationReference = D3BA5C7F0CDDC64F30967187 /* Pods-NatureNet.release.xcconfig */;
			buildSettings = {
				ASSETCATALOG_COMPILER_APPICON_NAME = AppIcon;
				CODE_SIGN_ENTITLEMENTS = NatureNet/NatureNet.entitlements;
				DEVELOPMENT_TEAM = 6L33LY5G5P;
				INFOPLIST_FILE = NatureNet/Info.plist;
				IPHONEOS_DEPLOYMENT_TARGET = 9.0;
				LD_RUNPATH_SEARCH_PATHS = "$(inherited) @executable_path/Frameworks";
				PRODUCT_BUNDLE_IDENTIFIER = "com.NatureNet.NatureNet-Testing";
				PRODUCT_NAME = "$(TARGET_NAME)";
				SWIFT_VERSION = 3.0;
			};
			name = Release;
		};
		68FA5A6B1ECA1538002E66B1 /* Debug */ = {
			isa = XCBuildConfiguration;
			baseConfigurationReference = A472F43C1699FD33B9A1FB5B /* Pods-NatureNetTests.debug.xcconfig */;
			buildSettings = {
				ALWAYS_EMBED_SWIFT_STANDARD_LIBRARIES = YES;
				BUNDLE_LOADER = "$(TEST_HOST)";
				DEVELOPMENT_TEAM = J6AJ4835YU;
				INFOPLIST_FILE = NatureNetTests/Info.plist;
				LD_RUNPATH_SEARCH_PATHS = "$(inherited) @executable_path/Frameworks @loader_path/Frameworks";
				PRODUCT_BUNDLE_IDENTIFIER = "org.nature-net.NatureNetTests";
				PRODUCT_NAME = "$(TARGET_NAME)";
				SWIFT_VERSION = 3.0;
				TEST_HOST = "$(BUILT_PRODUCTS_DIR)/NatureNet.app/NatureNet";
			};
			name = Debug;
		};
		68FA5A6C1ECA1538002E66B1 /* Release */ = {
			isa = XCBuildConfiguration;
			baseConfigurationReference = D4638C50FFC5348CF221982A /* Pods-NatureNetTests.release.xcconfig */;
			buildSettings = {
				ALWAYS_EMBED_SWIFT_STANDARD_LIBRARIES = YES;
				BUNDLE_LOADER = "$(TEST_HOST)";
				DEVELOPMENT_TEAM = J6AJ4835YU;
				INFOPLIST_FILE = NatureNetTests/Info.plist;
				LD_RUNPATH_SEARCH_PATHS = "$(inherited) @executable_path/Frameworks @loader_path/Frameworks";
				PRODUCT_BUNDLE_IDENTIFIER = "org.nature-net.NatureNetTests";
				PRODUCT_NAME = "$(TARGET_NAME)";
				SWIFT_VERSION = 3.0;
				TEST_HOST = "$(BUILT_PRODUCTS_DIR)/NatureNet.app/NatureNet";
			};
			name = Release;
		};
		68FA5A6E1ECA1538002E66B1 /* Debug */ = {
			isa = XCBuildConfiguration;
			baseConfigurationReference = 86713FC734CFA2CDCF458E9F /* Pods-NatureNetUITests.debug.xcconfig */;
			buildSettings = {
				ALWAYS_EMBED_SWIFT_STANDARD_LIBRARIES = YES;
				DEVELOPMENT_TEAM = J6AJ4835YU;
				INFOPLIST_FILE = NatureNetUITests/Info.plist;
				LD_RUNPATH_SEARCH_PATHS = "$(inherited) @executable_path/Frameworks @loader_path/Frameworks";
				PRODUCT_BUNDLE_IDENTIFIER = "org.nature-net.NatureNetUITests";
				PRODUCT_NAME = "$(TARGET_NAME)";
				SWIFT_VERSION = 3.0;
				TEST_TARGET_NAME = NatureNet;
			};
			name = Debug;
		};
		68FA5A6F1ECA1538002E66B1 /* Release */ = {
			isa = XCBuildConfiguration;
			baseConfigurationReference = 57426900216948F158F226CD /* Pods-NatureNetUITests.release.xcconfig */;
			buildSettings = {
				ALWAYS_EMBED_SWIFT_STANDARD_LIBRARIES = YES;
				DEVELOPMENT_TEAM = J6AJ4835YU;
				INFOPLIST_FILE = NatureNetUITests/Info.plist;
				LD_RUNPATH_SEARCH_PATHS = "$(inherited) @executable_path/Frameworks @loader_path/Frameworks";
				PRODUCT_BUNDLE_IDENTIFIER = "org.nature-net.NatureNetUITests";
				PRODUCT_NAME = "$(TARGET_NAME)";
				SWIFT_VERSION = 3.0;
				TEST_TARGET_NAME = NatureNet;
			};
			name = Release;
		};
/* End XCBuildConfiguration section */

/* Begin XCConfigurationList section */
		68FA5A371ECA1538002E66B1 /* Build configuration list for PBXProject "NatureNet" */ = {
			isa = XCConfigurationList;
			buildConfigurations = (
				68FA5A651ECA1538002E66B1 /* Debug */,
				68FA5A661ECA1538002E66B1 /* Release */,
			);
			defaultConfigurationIsVisible = 0;
			defaultConfigurationName = Release;
		};
		68FA5A671ECA1538002E66B1 /* Build configuration list for PBXNativeTarget "NatureNet" */ = {
			isa = XCConfigurationList;
			buildConfigurations = (
				68FA5A681ECA1538002E66B1 /* Debug */,
				68FA5A691ECA1538002E66B1 /* Release */,
			);
			defaultConfigurationIsVisible = 0;
			defaultConfigurationName = Release;
		};
		68FA5A6A1ECA1538002E66B1 /* Build configuration list for PBXNativeTarget "NatureNetTests" */ = {
			isa = XCConfigurationList;
			buildConfigurations = (
				68FA5A6B1ECA1538002E66B1 /* Debug */,
				68FA5A6C1ECA1538002E66B1 /* Release */,
			);
			defaultConfigurationIsVisible = 0;
			defaultConfigurationName = Release;
		};
		68FA5A6D1ECA1538002E66B1 /* Build configuration list for PBXNativeTarget "NatureNetUITests" */ = {
			isa = XCConfigurationList;
			buildConfigurations = (
				68FA5A6E1ECA1538002E66B1 /* Debug */,
				68FA5A6F1ECA1538002E66B1 /* Release */,
			);
			defaultConfigurationIsVisible = 0;
			defaultConfigurationName = Release;
		};
/* End XCConfigurationList section */
	};
	rootObject = 68FA5A341ECA1538002E66B1 /* Project object */;
}
